{
  "lockfileVersion": 1,
  "configVersion": 1,
  "workspaces": {
    "": {
      "name": "vite_react_shadcn_ts",
      "dependencies": {
        "@lovable.dev/cloud-auth-js": "^1.1.2",
      },
    },
  },
  "overrides": {
    "lodash": ">=4.17.23",
    "tr46": "^5.0.0",
    "vite-plugin-pwa>workbox-build>@apideck/better-ajv-errors>jsonpointer": "^5.0.1",
    "vite-plugin-pwa>workbox-build>source-map": "^0.7.4",
    "vite-plugin-pwa>workbox-build>tempy": "^3.1.0",
    "whatwg-url": "^14.0.0",
  },
  "packages": {
    "@lovable.dev/cloud-auth-js": ["@lovable.dev/cloud-auth-js@1.1.2", "https://europe-west4-npm.pkg.dev/lovable-core-prod/sandbox-npm-cache/@lovable.dev/cloud-auth-js/-/cloud-auth-js-1.1.2.tgz", {}, "sha512-xz8ocewsgwkp8giau272/eWWU3XrchCg5uba4yQPPYtevHTXaVU3sD+fO1JjyPBHacVcOcwhmgUiU9TKHt63cg=="],
  }
}
